// !$*UTF8*$!
{
	archiveVersion = 1;
	classes = {
	};
	objectVersion = 56;
	objects = {

/* Begin PBXBuildFile section */
		8ED62ECC2B21FCEE0027CFAF /* Helo_crabApp.swift in Sources */ = {isa = PBXBuildFile; fileRef = 8ED62ECB2B21FCEE0027CFAF /* Helo_crabApp.swift */; };
		8ED62ECE2B21FCEE0027CFAF /* ContentView.swift in Sources */ = {isa = PBXBuildFile; fileRef = 8ED62ECD2B21FCEE0027CFAF /* ContentView.swift */; };
		8ED62ED02B21FCEF0027CFAF /* Assets.xcassets in Resources */ = {isa = PBXBuildFile; fileRef = 8ED62ECF2B21FCEF0027CFAF /* Assets.xcassets */; };
		8ED62ED32B21FCEF0027CFAF /* Preview Assets.xcassets in Resources */ = {isa = PBXBuildFile; fileRef = 8ED62ED22B21FCEF0027CFAF /* Preview Assets.xcassets */; };
		8ED62EDA2B2201380027CFAF /* StartScene.sks in Resources */ = {isa = PBXBuildFile; fileRef = 8ED62ED92B2201380027CFAF /* StartScene.sks */; };
		F576AD622B2887A300A76E33 /* GameOverScene.swift in Sources */ = {isa = PBXBuildFile; fileRef = F576AD612B2887A300A76E33 /* GameOverScene.swift */; };
		F5D877C92B2C6A89003884B4 /* DigitalDisco.ttf in Resources */ = {isa = PBXBuildFile; fileRef = F5D877C42B2C6A89003884B4 /* DigitalDisco.ttf */; };
		F5F6ECA82B2B54B2006DD3FA /* GameScene.swift in Sources */ = {isa = PBXBuildFile; fileRef = 8EF9418A2B2215F5002F39B2 /* GameScene.swift */; };
/* End PBXBuildFile section */

/* Begin PBXFileReference section */
		8ED62EC82B21FCEE0027CFAF /* Helo_crab.app */ = {isa = PBXFileReference; explicitFileType = wrapper.application; includeInIndex = 0; path = Helo_crab.app; sourceTree = BUILT_PRODUCTS_DIR; };
		8ED62ECB2B21FCEE0027CFAF /* Helo_crabApp.swift */ = {isa = PBXFileReference; lastKnownFileType = sourcecode.swift; path = Helo_crabApp.swift; sourceTree = "<group>"; };
		8ED62ECD2B21FCEE0027CFAF /* ContentView.swift */ = {isa = PBXFileReference; lastKnownFileType = sourcecode.swift; path = ContentView.swift; sourceTree = "<group>"; };
		8ED62ECF2B21FCEF0027CFAF /* Assets.xcassets */ = {isa = PBXFileReference; lastKnownFileType = folder.assetcatalog; path = Assets.xcassets; sourceTree = "<group>"; };
		8ED62ED22B21FCEF0027CFAF /* Preview Assets.xcassets */ = {isa = PBXFileReference; lastKnownFileType = folder.assetcatalog; path = "Preview Assets.xcassets"; sourceTree = "<group>"; };
		8ED62ED92B2201380027CFAF /* StartScene.sks */ = {isa = PBXFileReference; lastKnownFileType = file.sks; path = StartScene.sks; sourceTree = "<group>"; };
		8EF9418A2B2215F5002F39B2 /* GameScene.swift */ = {isa = PBXFileReference; lastKnownFileType = sourcecode.swift; path = GameScene.swift; sourceTree = "<group>"; tabWidth = 4; usesTabs = 0; wrapsLines = 1; };
		F576AD612B2887A300A76E33 /* GameOverScene.swift */ = {isa = PBXFileReference; lastKnownFileType = sourcecode.swift; path = GameOverScene.swift; sourceTree = "<group>"; };
		F5D877C42B2C6A89003884B4 /* DigitalDisco.ttf */ = {isa = PBXFileReference; lastKnownFileType = file; path = DigitalDisco.ttf; sourceTree = "<group>"; };
		F5F6ECA72B2B5409006DD3FA /* Helo-crab-Info.plist */ = {isa = PBXFileReference; lastKnownFileType = text.plist; path = "Helo-crab-Info.plist"; sourceTree = SOURCE_ROOT; };
/* End PBXFileReference section */

/* Begin PBXFrameworksBuildPhase section */
		8ED62EC52B21FCEE0027CFAF /* Frameworks */ = {
			isa = PBXFrameworksBuildPhase;
			buildActionMask = 2147483647;
			files = (
			);
			runOnlyForDeploymentPostprocessing = 0;
		};
/* End PBXFrameworksBuildPhase section */

/* Begin PBXGroup section */
		8ED62EBF2B21FCEE0027CFAF = {
			isa = PBXGroup;
			children = (
				8ED62ECA2B21FCEE0027CFAF /* Helo_crab */,
				8ED62EC92B21FCEE0027CFAF /* Products */,
			);
			sourceTree = "<group>";
		};
		8ED62EC92B21FCEE0027CFAF /* Products */ = {
			isa = PBXGroup;
			children = (
				8ED62EC82B21FCEE0027CFAF /* Helo_crab.app */,
			);
			name = Products;
			sourceTree = "<group>";
		};
		8ED62ECA2B21FCEE0027CFAF /* Helo_crab */ = {
			isa = PBXGroup;
			children = (
				F5F6ECA72B2B5409006DD3FA /* Helo-crab-Info.plist */,
				8ED62ECB2B21FCEE0027CFAF /* Helo_crabApp.swift */,
				8ED62ECD2B21FCEE0027CFAF /* ContentView.swift */,
				8EF9418A2B2215F5002F39B2 /* GameScene.swift */,
				F576AD612B2887A300A76E33 /* GameOverScene.swift */,
				F5F6ECA42B2B5302006DD3FA /* Fonts */,
				8ED62ED92B2201380027CFAF /* StartScene.sks */,
				8ED62ECF2B21FCEF0027CFAF /* Assets.xcassets */,
				8ED62ED12B21FCEF0027CFAF /* Preview Content */,
			);
			path = Helo_crab;
			sourceTree = "<group>";
		};
		8ED62ED12B21FCEF0027CFAF /* Preview Content */ = {
			isa = PBXGroup;
			children = (
				8ED62ED22B21FCEF0027CFAF /* Preview Assets.xcassets */,
			);
			path = "Preview Content";
			sourceTree = "<group>";
		};
		F5F6ECA42B2B5302006DD3FA /* Fonts */ = {
			isa = PBXGroup;
			children = (
				F5D877C42B2C6A89003884B4 /* DigitalDisco.ttf */,
			);
			path = Fonts;
			sourceTree = "<group>";
		};
/* End PBXGroup section */

/* Begin PBXNativeTarget section */
		8ED62EC72B21FCEE0027CFAF /* Helo_crab */ = {
			isa = PBXNativeTarget;
			buildConfigurationList = 8ED62ED62B21FCEF0027CFAF /* Build configuration list for PBXNativeTarget "Helo_crab" */;
			buildPhases = (
				8ED62EC42B21FCEE0027CFAF /* Sources */,
				8ED62EC52B21FCEE0027CFAF /* Frameworks */,
				8ED62EC62B21FCEE0027CFAF /* Resources */,
			);
			buildRules = (
			);
			dependencies = (
			);
			name = Helo_crab;
			productName = Helo_crab;
			productReference = 8ED62EC82B21FCEE0027CFAF /* Helo_crab.app */;
			productType = "com.apple.product-type.application";
		};
/* End PBXNativeTarget section */

/* Begin PBXProject section */
		8ED62EC02B21FCEE0027CFAF /* Project object */ = {
			isa = PBXProject;
			attributes = {
				BuildIndependentTargetsInParallel = 1;
				LastSwiftUpdateCheck = 1500;
				LastUpgradeCheck = 1500;
				TargetAttributes = {
					8ED62EC72B21FCEE0027CFAF = {
						CreatedOnToolsVersion = 15.0;
					};
				};
			};
			buildConfigurationList = 8ED62EC32B21FCEE0027CFAF /* Build configuration list for PBXProject "Helo_crab" */;
			compatibilityVersion = "Xcode 14.0";
			developmentRegion = en;
			hasScannedForEncodings = 0;
			knownRegions = (
				en,
				Base,
			);
			mainGroup = 8ED62EBF2B21FCEE0027CFAF;
			productRefGroup = 8ED62EC92B21FCEE0027CFAF /* Products */;
			projectDirPath = "";
			projectRoot = "";
			targets = (
				8ED62EC72B21FCEE0027CFAF /* Helo_crab */,
			);
		};
/* End PBXProject section */

/* Begin PBXResourcesBuildPhase section */
		8ED62EC62B21FCEE0027CFAF /* Resources */ = {
			isa = PBXResourcesBuildPhase;
			buildActionMask = 2147483647;
			files = (
				F5D877C92B2C6A89003884B4 /* DigitalDisco.ttf in Resources */,
				8ED62EDA2B2201380027CFAF /* StartScene.sks in Resources */,
				8ED62ED32B21FCEF0027CFAF /* Preview Assets.xcassets in Resources */,
				8ED62ED02B21FCEF0027CFAF /* Assets.xcassets in Resources */,
			);
			runOnlyForDeploymentPostprocessing = 0;
		};
/* End PBXResourcesBuildPhase section */

/* Begin PBXSourcesBuildPhase section */
		8ED62EC42B21FCEE0027CFAF /* Sources */ = {
			isa = PBXSourcesBuildPhase;
			buildActionMask = 2147483647;
			files = (
				F576AD622B2887A300A76E33 /* GameOverScene.swift in Sources */,
				8ED62ECE2B21FCEE0027CFAF /* ContentView.swift in Sources */,
				F5F6ECA82B2B54B2006DD3FA /* GameScene.swift in Sources */,
				8ED62ECC2B21FCEE0027CFAF /* Helo_crabApp.swift in Sources */,
			);
			runOnlyForDeploymentPostprocessing = 0;
		};
/* End PBXSourcesBuildPhase section */

/* Begin XCBuildConfiguration section */
		8ED62ED42B21FCEF0027CFAF /* Debug */ = {
			isa = XCBuildConfiguration;
			buildSettings = {
				ALWAYS_SEARCH_USER_PATHS = NO;
				ASSETCATALOG_COMPILER_GENERATE_SWIFT_ASSET_SYMBOL_EXTENSIONS = YES;
				CLANG_ANALYZER_NONNULL = YES;
				CLANG_ANALYZER_NUMBER_OBJECT_CONVERSION = YES_AGGRESSIVE;
				CLANG_CXX_LANGUAGE_STANDARD = "gnu++20";
				CLANG_ENABLE_MODULES = YES;
				CLANG_ENABLE_OBJC_ARC = YES;
				CLANG_ENABLE_OBJC_WEAK = YES;
				CLANG_WARN_BLOCK_CAPTURE_AUTORELEASING = YES;
				CLANG_WARN_BOOL_CONVERSION = YES;
				CLANG_WARN_COMMA = YES;
				CLANG_WARN_CONSTANT_CONVERSION = YES;
				CLANG_WARN_DEPRECATED_OBJC_IMPLEMENTATIONS = YES;
				CLANG_WARN_DIRECT_OBJC_ISA_USAGE = YES_ERROR;
				CLANG_WARN_DOCUMENTATION_COMMENTS = YES;
				CLANG_WARN_EMPTY_BODY = YES;
				CLANG_WARN_ENUM_CONVERSION = YES;
				CLANG_WARN_INFINITE_RECURSION = YES;
				CLANG_WARN_INT_CONVERSION = YES;
				CLANG_WARN_NON_LITERAL_NULL_CONVERSION = YES;
				CLANG_WARN_OBJC_IMPLICIT_RETAIN_SELF = YES;
				CLANG_WARN_OBJC_LITERAL_CONVERSION = YES;
				CLANG_WARN_OBJC_ROOT_CLASS = YES_ERROR;
				CLANG_WARN_QUOTED_INCLUDE_IN_FRAMEWORK_HEADER = YES;
				CLANG_WARN_RANGE_LOOP_ANALYSIS = YES;
				CLANG_WARN_STRICT_PROTOTYPES = YES;
				CLANG_WARN_SUSPICIOUS_MOVE = YES;
				CLANG_WARN_UNGUARDED_AVAILABILITY = YES_AGGRESSIVE;
				CLANG_WARN_UNREACHABLE_CODE = YES;
				CLANG_WARN__DUPLICATE_METHOD_MATCH = YES;
				COPY_PHASE_STRIP = NO;
				DEBUG_INFORMATION_FORMAT = dwarf;
				ENABLE_STRICT_OBJC_MSGSEND = YES;
				ENABLE_TESTABILITY = YES;
				ENABLE_USER_SCRIPT_SANDBOXING = YES;
				GCC_C_LANGUAGE_STANDARD = gnu17;
				GCC_DYNAMIC_NO_PIC = NO;
				GCC_NO_COMMON_BLOCKS = YES;
				GCC_OPTIMIZATION_LEVEL = 0;
				GCC_PREPROCESSOR_DEFINITIONS = (
					"DEBUG=1",
					"$(inherited)",
				);
				GCC_WARN_64_TO_32_BIT_CONVERSION = YES;
				GCC_WARN_ABOUT_RETURN_TYPE = YES_ERROR;
				GCC_WARN_UNDECLARED_SELECTOR = YES;
				GCC_WARN_UNINITIALIZED_AUTOS = YES_AGGRESSIVE;
				GCC_WARN_UNUSED_FUNCTION = YES;
				GCC_WARN_UNUSED_VARIABLE = YES;
				IPHONEOS_DEPLOYMENT_TARGET = 17.0;
				LOCALIZATION_PREFERS_STRING_CATALOGS = YES;
				MTL_ENABLE_DEBUG_INFO = INCLUDE_SOURCE;
				MTL_FAST_MATH = YES;
				ONLY_ACTIVE_ARCH = YES;
				SDKROOT = iphoneos;
				SWIFT_ACTIVE_COMPILATION_CONDITIONS = "DEBUG $(inherited)";
				SWIFT_OPTIMIZATION_LEVEL = "-Onone";
			};
			name = Debug;
		};
		8ED62ED52B21FCEF0027CFAF /* Release */ = {
			isa = XCBuildConfiguration;
			buildSettings = {
				ALWAYS_SEARCH_USER_PATHS = NO;
				ASSETCATALOG_COMPILER_GENERATE_SWIFT_ASSET_SYMBOL_EXTENSIONS = YES;
				CLANG_ANALYZER_NONNULL = YES;
				CLANG_ANALYZER_NUMBER_OBJECT_CONVERSION = YES_AGGRESSIVE;
				CLANG_CXX_LANGUAGE_STANDARD = "gnu++20";
				CLANG_ENABLE_MODULES = YES;
				CLANG_ENABLE_OBJC_ARC = YES;
				CLANG_ENABLE_OBJC_WEAK = YES;
				CLANG_WARN_BLOCK_CAPTURE_AUTORELEASING = YES;
				CLANG_WARN_BOOL_CONVERSION = YES;
				CLANG_WARN_COMMA = YES;
				CLANG_WARN_CONSTANT_CONVERSION = YES;
				CLANG_WARN_DEPRECATED_OBJC_IMPLEMENTATIONS = YES;
				CLANG_WARN_DIRECT_OBJC_ISA_USAGE = YES_ERROR;
				CLANG_WARN_DOCUMENTATION_COMMENTS = YES;
				CLANG_WARN_EMPTY_BODY = YES;
				CLANG_WARN_ENUM_CONVERSION = YES;
				CLANG_WARN_INFINITE_RECURSION = YES;
				CLANG_WARN_INT_CONVERSION = YES;
				CLANG_WARN_NON_LITERAL_NULL_CONVERSION = YES;
				CLANG_WARN_OBJC_IMPLICIT_RETAIN_SELF = YES;
				CLANG_WARN_OBJC_LITERAL_CONVERSION = YES;
				CLANG_WARN_OBJC_ROOT_CLASS = YES_ERROR;
				CLANG_WARN_QUOTED_INCLUDE_IN_FRAMEWORK_HEADER = YES;
				CLANG_WARN_RANGE_LOOP_ANALYSIS = YES;
				CLANG_WARN_STRICT_PROTOTYPES = YES;
				CLANG_WARN_SUSPICIOUS_MOVE = YES;
				CLANG_WARN_UNGUARDED_AVAILABILITY = YES_AGGRESSIVE;
				CLANG_WARN_UNREACHABLE_CODE = YES;
				CLANG_WARN__DUPLICATE_METHOD_MATCH = YES;
				COPY_PHASE_STRIP = NO;
				DEBUG_INFORMATION_FORMAT = "dwarf-with-dsym";
				ENABLE_NS_ASSERTIONS = NO;
				ENABLE_STRICT_OBJC_MSGSEND = YES;
				ENABLE_USER_SCRIPT_SANDBOXING = YES;
				GCC_C_LANGUAGE_STANDARD = gnu17;
				GCC_NO_COMMON_BLOCKS = YES;
				GCC_WARN_64_TO_32_BIT_CONVERSION = YES;
				GCC_WARN_ABOUT_RETURN_TYPE = YES_ERROR;
				GCC_WARN_UNDECLARED_SELECTOR = YES;
				GCC_WARN_UNINITIALIZED_AUTOS = YES_AGGRESSIVE;
				GCC_WARN_UNUSED_FUNCTION = YES;
				GCC_WARN_UNUSED_VARIABLE = YES;
				IPHONEOS_DEPLOYMENT_TARGET = 17.0;
				LOCALIZATION_PREFERS_STRING_CATALOGS = YES;
				MTL_ENABLE_DEBUG_INFO = NO;
				MTL_FAST_MATH = YES;
				SDKROOT = iphoneos;
				SWIFT_COMPILATION_MODE = wholemodule;
				VALIDATE_PRODUCT = YES;
			};
			name = Release;
		};
		8ED62ED72B21FCEF0027CFAF /* Debug */ = {
			isa = XCBuildConfiguration;
			buildSettings = {
				ASSETCATALOG_COMPILER_APPICON_NAME = AppIcon;
				ASSETCATALOG_COMPILER_GLOBAL_ACCENT_COLOR_NAME = AccentColor;
				CODE_SIGN_STYLE = Automatic;
				CURRENT_PROJECT_VERSION = 1;
				DEVELOPMENT_ASSET_PATHS = "\"Helo_crab/Preview Content\"";
				DEVELOPMENT_TEAM = JZX85Z36BA;
				ENABLE_PREVIEWS = YES;
				GENERATE_INFOPLIST_FILE = YES;
				INFOPLIST_FILE = "Helo-crab-Info.plist";
				INFOPLIST_KEY_LSApplicationCategoryType = "public.app-category.arcade-games";
				INFOPLIST_KEY_UIApplicationSceneManifest_Generation = YES;
				INFOPLIST_KEY_UIApplicationSupportsIndirectInputEvents = YES;
				INFOPLIST_KEY_UILaunchScreen_Generation = YES;
				INFOPLIST_KEY_UISupportedInterfaceOrientations = UIInterfaceOrientationPortrait;
				LD_RUNPATH_SEARCH_PATHS = (
					"$(inherited)",
					"@executable_path/Frameworks",
				);
				MARKETING_VERSION = 1.0;
				PRODUCT_BUNDLE_IDENTIFIER = "com.salvatoreflauto.Helo-crab";
				PRODUCT_NAME = "$(TARGET_NAME)";
				SWIFT_EMIT_LOC_STRINGS = YES;
				SWIFT_VERSION = 5.0;
				TARGETED_DEVICE_FAMILY = "1,2";
			};
			name = Debug;
		};
		8ED62ED82B21FCEF0027CFAF /* Release */ = {
			isa = XCBuildConfiguration;
			buildSettings = {
				ASSETCATALOG_COMPILER_APPICON_NAME = AppIcon;
				ASSETCATALOG_COMPILER_GLOBAL_ACCENT_COLOR_NAME = AccentColor;
				CODE_SIGN_STYLE = Automatic;
				CURRENT_PROJECT_VERSION = 1;
				DEVELOPMENT_ASSET_PATHS = "\"Helo_crab/Preview Content\"";
				DEVELOPMENT_TEAM = JZX85Z36BA;
				ENABLE_PREVIEWS = YES;
				GENERATE_INFOPLIST_FILE = YES;
				INFOPLIST_FILE = "Helo-crab-Info.plist";
				INFOPLIST_KEY_LSApplicationCategoryType = "public.app-category.arcade-games";
				INFOPLIST_KEY_UIApplicationSceneManifest_Generation = YES;
				INFOPLIST_KEY_UIApplicationSupportsIndirectInputEvents = YES;
				INFOPLIST_KEY_UILaunchScreen_Generation = YES;
				INFOPLIST_KEY_UISupportedInterfaceOrientations = UIInterfaceOrientationPortrait;
				LD_RUNPATH_SEARCH_PATHS = (
					"$(inherited)",
					"@executable_path/Frameworks",
				);
				MARKETING_VERSION = 1.0;
				PRODUCT_BUNDLE_IDENTIFIER = "com.salvatoreflauto.Helo-crab";
				PRODUCT_NAME = "$(TARGET_NAME)";
				SWIFT_EMIT_LOC_STRINGS = YES;
				SWIFT_VERSION = 5.0;
				TARGETED_DEVICE_FAMILY = "1,2";
			};
			name = Release;
		};
/* End XCBuildConfiguration section */

/* Begin XCConfigurationList section */
		8ED62EC32B21FCEE0027CFAF /* Build configuration list for PBXProject "Helo_crab" */ = {
			isa = XCConfigurationList;
			buildConfigurations = (
				8ED62ED42B21FCEF0027CFAF /* Debug */,
				8ED62ED52B21FCEF0027CFAF /* Release */,
			);
			defaultConfigurationIsVisible = 0;
			defaultConfigurationName = Release;
		};
		8ED62ED62B21FCEF0027CFAF /* Build configuration list for PBXNativeTarget "Helo_crab" */ = {
			isa = XCConfigurationList;
			buildConfigurations = (
				8ED62ED72B21FCEF0027CFAF /* Debug */,
				8ED62ED82B21FCEF0027CFAF /* Release */,
			);
			defaultConfigurationIsVisible = 0;
			defaultConfigurationName = Release;
		};
/* End XCConfigurationList section */
	};
	rootObject = 8ED62EC02B21FCEE0027CFAF /* Project object */;
}
